
Microsoft Visual Studio Solution File, Format Version 12.00
# Visual Studio Version 16
VisualStudioVersion = 16.0.28803.156
MinimumVisualStudioVersion = 10.0.40219.1
Project("{FAE04EC0-301F-11D3-BF4B-00C04F79EFBC}") = "BinarySearch", "BinarySearch\BinarySearch.csproj", "{7E44BFAF-0EDE-4921-B1CF-B4CD1CE179EC}"
EndProject
Project("{FAE04EC0-301F-11D3-BF4B-00C04F79EFBC}") = "Atoi", "Atoi\Atoi.csproj", "{32FD4EC6-27E9-48F4-BB50-62B99D726364}"
EndProject
Global
	GlobalSection(SolutionConfigurationPlatforms) = preSolution
		Debug|Any CPU = Debug|Any CPU
		Release|Any CPU = Release|Any CPU
	EndGlobalSection
	GlobalSection(ProjectConfigurationPlatforms) = postSolution
		{7E44BFAF-0EDE-4921-B1CF-B4CD1CE179EC}.Debug|Any CPU.ActiveCfg = Debug|Any CPU
		{7E44BFAF-0EDE-4921-B1CF-B4CD1CE179EC}.Debug|Any CPU.Build.0 = Debug|Any CPU
		{7E44BFAF-0EDE-4921-B1CF-B4CD1CE179EC}.Release|Any CPU.ActiveCfg = Release|Any CPU
		{7E44BFAF-0EDE-4921-B1CF-B4CD1CE179EC}.Release|Any CPU.Build.0 = Release|Any CPU
		{32FD4EC6-27E9-48F4-BB50-62B99D726364}.Debug|Any CPU.ActiveCfg = Debug|Any CPU
		{32FD4EC6-27E9-48F4-BB50-62B99D726364}.Debug|Any CPU.Build.0 = Debug|Any CPU
		{32FD4EC6-27E9-48F4-BB50-62B99D726364}.Release|Any CPU.ActiveCfg = Release|Any CPU
		{32FD4EC6-27E9-48F4-BB50-62B99D726364}.Release|Any CPU.Build.0 = Release|Any CPU
	EndGlobalSection
	GlobalSection(SolutionProperties) = preSolution
		HideSolutionNode = FALSE
	EndGlobalSection
	GlobalSection(ExtensibilityGlobals) = postSolution
		SolutionGuid = {D781F0CD-0475-46CC-97AA-F0D9BC5CDDDE}
	EndGlobalSection
EndGlobal
